# THIS IS AN AUTOGENERATED FILE. DO NOT EDIT THIS FILE DIRECTLY.
# yarn lockfile v1


esbuild@^0.12.15:
  version "0.12.15"
  resolved "https://registry.yarnpkg.com/esbuild/-/esbuild-0.12.15.tgz#9d99cf39aeb2188265c5983e983e236829f08af0"
  integrity sha512-72V4JNd2+48eOVCXx49xoSWHgC3/cCy96e7mbXKY+WOWghN00cCmlGnwVLRhRHorvv0dgCyuMYBZlM2xDM5OQw==

livr@^2.3.3:
  version "2.3.3"
  resolved "https://registry.yarnpkg.com/livr/-/livr-2.3.3.tgz#db9fdf2486ac7d0aec618cc32b052e046896e3c1"
  integrity sha512-I39Zwf2c9XH3rOGRlIMIq04K0bQltYss3U+SUAP1T6zbZvPdDQVgRU2Cpw4P3CaPYJdqPdC20vnbK8N8yWcrHQ==

servor@^4.0.2:
  version "4.0.2"
  resolved "https://registry.yarnpkg.com/servor/-/servor-4.0.2.tgz#6d5e5c61fbb3d6f4bde72995dbe6745829395971"
  integrity sha512-MlmQ5Ntv4jDYUN060x/KEmN7emvIqKMZ9OkM+nY8Bf2+KkyLmGsTqWLyAN2cZr5oESAcH00UanUyyrlS1LRjFw==
